
Microsoft Visual Studio Solution File, Format Version 12.00
# Visual Studio Version 17
VisualStudioVersion = 17.8.34525.116
MinimumVisualStudioVersion = 10.0.40219.1
Project("{FAE04EC0-301F-11D3-BF4B-00C04F79EFBC}") = "ListBoxEg1", "ListBoxEg1\ListBoxEg1.csproj", "{CCA6BCFA-5657-4751-92F1-E5DC003C435A}"
EndProject
Global
	GlobalSection(SolutionConfigurationPlatforms) = preSolution
		Debug|Any CPU = Debug|Any CPU
		Release|Any CPU = Release|Any CPU
	EndGlobalSection
	GlobalSection(ProjectConfigurationPlatforms) = postSolution
		{CCA6BCFA-5657-4751-92F1-E5DC003C435A}.Debug|Any CPU.ActiveCfg = Debug|Any CPU
		{CCA6BCFA-5657-4751-92F1-E5DC003C435A}.Debug|Any CPU.Build.0 = Debug|Any CPU
		{CCA6BCFA-5657-4751-92F1-E5DC003C435A}.Release|Any CPU.ActiveCfg = Release|Any CPU
		{CCA6BCFA-5657-4751-92F1-E5DC003C435A}.Release|Any CPU.Build.0 = Release|Any CPU
	EndGlobalSection
	GlobalSection(SolutionProperties) = preSolution
		HideSolutionNode = FALSE
	EndGlobalSection
	GlobalSection(ExtensibilityGlobals) = postSolution
		SolutionGuid = {ED4AC887-2A20-49E3-AE31-8FA40750D29A}
	EndGlobalSection
EndGlobal
