
Microsoft Visual Studio Solution File, Format Version 12.00
# Visual Studio Version 17
VisualStudioVersion = 17.8.34525.116
MinimumVisualStudioVersion = 10.0.40219.1
Project("{FAE04EC0-301F-11D3-BF4B-00C04F79EFBC}") = "UtilitiesClass", "UtilitiesClass\UtilitiesClass.csproj", "{656DF52D-A1D4-4D9E-AED1-A548F9968B1C}"
EndProject
Global
	GlobalSection(SolutionConfigurationPlatforms) = preSolution
		Debug|Any CPU = Debug|Any CPU
		Release|Any CPU = Release|Any CPU
	EndGlobalSection
	GlobalSection(ProjectConfigurationPlatforms) = postSolution
		{656DF52D-A1D4-4D9E-AED1-A548F9968B1C}.Debug|Any CPU.ActiveCfg = Debug|Any CPU
		{656DF52D-A1D4-4D9E-AED1-A548F9968B1C}.Debug|Any CPU.Build.0 = Debug|Any CPU
		{656DF52D-A1D4-4D9E-AED1-A548F9968B1C}.Release|Any CPU.ActiveCfg = Release|Any CPU
		{656DF52D-A1D4-4D9E-AED1-A548F9968B1C}.Release|Any CPU.Build.0 = Release|Any CPU
	EndGlobalSection
	GlobalSection(SolutionProperties) = preSolution
		HideSolutionNode = FALSE
	EndGlobalSection
	GlobalSection(ExtensibilityGlobals) = postSolution
		SolutionGuid = {AD2EF3FA-9E17-4E23-A3AA-C1F86610E3D8}
	EndGlobalSection
EndGlobal
