
Microsoft Visual Studio Solution File, Format Version 12.00
# Visual Studio Version 17
VisualStudioVersion = 17.9.34902.65
MinimumVisualStudioVersion = 10.0.40219.1
Project("{FAE04EC0-301F-11D3-BF4B-00C04F79EFBC}") = "InClass4", "InClass4\InClass4.csproj", "{33AC3273-B038-43EF-A793-5D8D8CFBD013}"
EndProject
Global
	GlobalSection(SolutionConfigurationPlatforms) = preSolution
		Debug|Any CPU = Debug|Any CPU
		Release|Any CPU = Release|Any CPU
	EndGlobalSection
	GlobalSection(ProjectConfigurationPlatforms) = postSolution
		{33AC3273-B038-43EF-A793-5D8D8CFBD013}.Debug|Any CPU.ActiveCfg = Debug|Any CPU
		{33AC3273-B038-43EF-A793-5D8D8CFBD013}.Debug|Any CPU.Build.0 = Debug|Any CPU
		{33AC3273-B038-43EF-A793-5D8D8CFBD013}.Release|Any CPU.ActiveCfg = Release|Any CPU
		{33AC3273-B038-43EF-A793-5D8D8CFBD013}.Release|Any CPU.Build.0 = Release|Any CPU
	EndGlobalSection
	GlobalSection(SolutionProperties) = preSolution
		HideSolutionNode = FALSE
	EndGlobalSection
	GlobalSection(ExtensibilityGlobals) = postSolution
		SolutionGuid = {CE99071E-E111-4D5F-9087-A83BFC6B400B}
	EndGlobalSection
EndGlobal
